
Microsoft Visual Studio Solution File, Format Version 12.00
# Visual Studio 15
VisualStudioVersion = 15.0.28307.271
MinimumVisualStudioVersion = 10.0.40219.1
Project("{FAE04EC0-301F-11D3-BF4B-00C04F79EFBC}") = "SemicrolInicio2", "SemicrolInicio2\SemicrolInicio2.csproj", "{B3DDB000-D0D2-4E61-AAE9-332372908540}"
EndProject
Global
	GlobalSection(SolutionConfigurationPlatforms) = preSolution
		Debug|Any CPU = Debug|Any CPU
		Release|Any CPU = Release|Any CPU
	EndGlobalSection
	GlobalSection(ProjectConfigurationPlatforms) = postSolution
		{B3DDB000-D0D2-4E61-AAE9-332372908540}.Debug|Any CPU.ActiveCfg = Debug|Any CPU
		{B3DDB000-D0D2-4E61-AAE9-332372908540}.Debug|Any CPU.Build.0 = Debug|Any CPU
		{B3DDB000-D0D2-4E61-AAE9-332372908540}.Release|Any CPU.ActiveCfg = Release|Any CPU
		{B3DDB000-D0D2-4E61-AAE9-332372908540}.Release|Any CPU.Build.0 = Release|Any CPU
	EndGlobalSection
	GlobalSection(SolutionProperties) = preSolution
		HideSolutionNode = FALSE
	EndGlobalSection
	GlobalSection(ExtensibilityGlobals) = postSolution
		SolutionGuid = {27272DE0-ED3E-4098-A73A-31842CFAE43F}
	EndGlobalSection
EndGlobal
